
Microsoft Visual Studio Solution File, Format Version 12.00
# Visual Studio 2012
Project("{FAE04EC0-301F-11D3-BF4B-00C04F79EFBC}") = "Schema", "src\Schema\Schema.csproj", "{4720F451-2F06-45B4-99E2-6F8F0900BA06}"
EndProject
Project("{FAE04EC0-301F-11D3-BF4B-00C04F79EFBC}") = "Schema.Unit.Tests", "src\Schema.Unit.Tests\Schema.Unit.Tests.csproj", "{116B4D15-FD8A-42BF-BE8C-FA77ED6531EC}"
EndProject
Project("{FAE04EC0-301F-11D3-BF4B-00C04F79EFBC}") = "Schema.Integration.Tests", "src\Schema.Integration.Tests\Schema.Integration.Tests.csproj", "{5D819B06-33E5-4431-8B5B-BC135AEA2829}"
EndProject
Global
	GlobalSection(SolutionConfigurationPlatforms) = preSolution
		Debug|Any CPU = Debug|Any CPU
		Release|Any CPU = Release|Any CPU
	EndGlobalSection
	GlobalSection(ProjectConfigurationPlatforms) = postSolution
		{4720F451-2F06-45B4-99E2-6F8F0900BA06}.Debug|Any CPU.ActiveCfg = Debug|Any CPU
		{4720F451-2F06-45B4-99E2-6F8F0900BA06}.Debug|Any CPU.Build.0 = Debug|Any CPU
		{4720F451-2F06-45B4-99E2-6F8F0900BA06}.Release|Any CPU.ActiveCfg = Release|Any CPU
		{4720F451-2F06-45B4-99E2-6F8F0900BA06}.Release|Any CPU.Build.0 = Release|Any CPU
		{116B4D15-FD8A-42BF-BE8C-FA77ED6531EC}.Debug|Any CPU.ActiveCfg = Debug|Any CPU
		{116B4D15-FD8A-42BF-BE8C-FA77ED6531EC}.Debug|Any CPU.Build.0 = Debug|Any CPU
		{116B4D15-FD8A-42BF-BE8C-FA77ED6531EC}.Release|Any CPU.ActiveCfg = Release|Any CPU
		{116B4D15-FD8A-42BF-BE8C-FA77ED6531EC}.Release|Any CPU.Build.0 = Release|Any CPU
		{5D819B06-33E5-4431-8B5B-BC135AEA2829}.Debug|Any CPU.ActiveCfg = Debug|Any CPU
		{5D819B06-33E5-4431-8B5B-BC135AEA2829}.Debug|Any CPU.Build.0 = Debug|Any CPU
		{5D819B06-33E5-4431-8B5B-BC135AEA2829}.Release|Any CPU.ActiveCfg = Release|Any CPU
		{5D819B06-33E5-4431-8B5B-BC135AEA2829}.Release|Any CPU.Build.0 = Release|Any CPU
	EndGlobalSection
	GlobalSection(SolutionProperties) = preSolution
		HideSolutionNode = FALSE
	EndGlobalSection
EndGlobal
